
Microsoft Visual Studio Solution File, Format Version 12.00
# Visual Studio 2017
Project("{FAE04EC0-301F-11D3-BF4B-00C04F79EFBC}") = "AAgame.Plugins", "AAgame.Plugins.csproj", "{F3130EAB-21EF-573F-9EDE-3DC496FC77A3}"
EndProject
Project("{FAE04EC0-301F-11D3-BF4B-00C04F79EFBC}") = "AAgame", "AAgame.csproj", "{AC58DFF2-D4B2-FE7A-E0BF-5DCBD4FB6EEF}"
EndProject
Global
	GlobalSection(SolutionConfigurationPlatforms) = preSolution
		Debug|Any CPU = Debug|Any CPU
		Release|Any CPU = Release|Any CPU
	EndGlobalSection
	GlobalSection(ProjectConfigurationPlatforms) = postSolution
		{F3130EAB-21EF-573F-9EDE-3DC496FC77A3}.Debug|Any CPU.ActiveCfg = Debug|Any CPU
		{F3130EAB-21EF-573F-9EDE-3DC496FC77A3}.Debug|Any CPU.Build.0 = Debug|Any CPU
		{F3130EAB-21EF-573F-9EDE-3DC496FC77A3}.Release|Any CPU.ActiveCfg = Release|Any CPU
		{F3130EAB-21EF-573F-9EDE-3DC496FC77A3}.Release|Any CPU.Build.0 = Release|Any CPU
		{AC58DFF2-D4B2-FE7A-E0BF-5DCBD4FB6EEF}.Debug|Any CPU.ActiveCfg = Debug|Any CPU
		{AC58DFF2-D4B2-FE7A-E0BF-5DCBD4FB6EEF}.Debug|Any CPU.Build.0 = Debug|Any CPU
		{AC58DFF2-D4B2-FE7A-E0BF-5DCBD4FB6EEF}.Release|Any CPU.ActiveCfg = Release|Any CPU
		{AC58DFF2-D4B2-FE7A-E0BF-5DCBD4FB6EEF}.Release|Any CPU.Build.0 = Release|Any CPU
	EndGlobalSection
	GlobalSection(SolutionProperties) = preSolution
		HideSolutionNode = FALSE
	EndGlobalSection
EndGlobal
